
Microsoft Visual Studio Solution File, Format Version 12.00
# Visual Studio Version 17
VisualStudioVersion = 17.3.32901.215
MinimumVisualStudioVersion = 10.0.40219.1
Project("{FAE04EC0-301F-11D3-BF4B-00C04F79EFBC}") = "Mvcbrand", "Mvcbrand\Mvcbrand.csproj", "{26C06506-5311-42FF-9CE8-5ED4D0DF94EB}"
EndProject
Global
	GlobalSection(SolutionConfigurationPlatforms) = preSolution
		Debug|Any CPU = Debug|Any CPU
		Release|Any CPU = Release|Any CPU
	EndGlobalSection
	GlobalSection(ProjectConfigurationPlatforms) = postSolution
		{26C06506-5311-42FF-9CE8-5ED4D0DF94EB}.Debug|Any CPU.ActiveCfg = Debug|Any CPU
		{26C06506-5311-42FF-9CE8-5ED4D0DF94EB}.Debug|Any CPU.Build.0 = Debug|Any CPU
		{26C06506-5311-42FF-9CE8-5ED4D0DF94EB}.Release|Any CPU.ActiveCfg = Release|Any CPU
		{26C06506-5311-42FF-9CE8-5ED4D0DF94EB}.Release|Any CPU.Build.0 = Release|Any CPU
	EndGlobalSection
	GlobalSection(SolutionProperties) = preSolution
		HideSolutionNode = FALSE
	EndGlobalSection
	GlobalSection(ExtensibilityGlobals) = postSolution
		SolutionGuid = {695E42B9-5E8C-4FE7-BD55-BECC12825AD7}
	EndGlobalSection
EndGlobal
